
Microsoft Visual Studio Solution File, Format Version 12.00
# Visual Studio Version 17
VisualStudioVersion = 17.6.33815.320
MinimumVisualStudioVersion = 10.0.40219.1
Project("{FAE04EC0-301F-11D3-BF4B-00C04F79EFBC}") = "ejercicio62.numprimos", "ejercicio62.numprimos\ejercicio62.numprimos.csproj", "{A7E1F792-8028-4BC3-AFA6-F812F6B19FD5}"
EndProject
Global
	GlobalSection(SolutionConfigurationPlatforms) = preSolution
		Debug|Any CPU = Debug|Any CPU
		Release|Any CPU = Release|Any CPU
	EndGlobalSection
	GlobalSection(ProjectConfigurationPlatforms) = postSolution
		{A7E1F792-8028-4BC3-AFA6-F812F6B19FD5}.Debug|Any CPU.ActiveCfg = Debug|Any CPU
		{A7E1F792-8028-4BC3-AFA6-F812F6B19FD5}.Debug|Any CPU.Build.0 = Debug|Any CPU
		{A7E1F792-8028-4BC3-AFA6-F812F6B19FD5}.Release|Any CPU.ActiveCfg = Release|Any CPU
		{A7E1F792-8028-4BC3-AFA6-F812F6B19FD5}.Release|Any CPU.Build.0 = Release|Any CPU
	EndGlobalSection
	GlobalSection(SolutionProperties) = preSolution
		HideSolutionNode = FALSE
	EndGlobalSection
	GlobalSection(ExtensibilityGlobals) = postSolution
		SolutionGuid = {AC70F9B5-9A10-4C4D-88D5-F11777CF5183}
	EndGlobalSection
EndGlobal
